
Microsoft Visual Studio Solution File, Format Version 12.00
# Visual Studio Version 16
VisualStudioVersion = 16.0.30611.23
MinimumVisualStudioVersion = 15.0.26124.0
Project("{FAE04EC0-301F-11D3-BF4B-00C04F79EFBC}") = "Kursovaya12.Objects", "Objects/Kursovaya12.Objects.csproj", "eb09a61b-c593-48cc-9f00-ce96bf0e4d57"
EndProject
Project("{FAE04EC0-301F-11D3-BF4B-00C04F79EFBC}") = "Kursovaya12.Tests", "Tests/Kursovaya12.Tests.csproj", "ff9385d3-7891-42ca-be87-6fae5f3fb88e"
EndProject
Project("{FAE04EC0-301F-11D3-BF4B-00C04F79EFBC}") = "Kursovaya12.ODataBackend", "ODataBackend/Kursovaya12.ODataBackend.csproj", "0bd27501-52b6-4f28-9698-0adf128aa991"
EndProject
Project("{FAE04EC0-301F-11D3-BF4B-00C04F79EFBC}") = "Kursovaya12.IntegrationTests", "IntegrationTests/Kursovaya12.IntegrationTests.csproj", "a5806795-a42b-43bd-9961-e83181007407"
EndProject
Global
	GlobalSection(SolutionConfigurationPlatforms) = preSolution
Debug|Any CPU = Debug|Any CPU
Release|Any CPU = Release|Any CPU
	EndGlobalSection
	GlobalSection(ProjectConfigurationPlatforms) = postSolution
		eb09a61b-c593-48cc-9f00-ce96bf0e4d57.Debug|Any CPU.ActiveCfg = Debug|Any CPU
		eb09a61b-c593-48cc-9f00-ce96bf0e4d57.Debug|Any CPU.Build.0 = Debug|Any CPU
		eb09a61b-c593-48cc-9f00-ce96bf0e4d57.Release|Any CPU.ActiveCfg = Release|Any CPU
		eb09a61b-c593-48cc-9f00-ce96bf0e4d57.Release|Any CPU.Build.0 = Release|Any CPU
		ff9385d3-7891-42ca-be87-6fae5f3fb88e.Debug|Any CPU.ActiveCfg = Debug|Any CPU
		ff9385d3-7891-42ca-be87-6fae5f3fb88e.Debug|Any CPU.Build.0 = Debug|Any CPU
		ff9385d3-7891-42ca-be87-6fae5f3fb88e.Release|Any CPU.ActiveCfg = Release|Any CPU
		ff9385d3-7891-42ca-be87-6fae5f3fb88e.Release|Any CPU.Build.0 = Release|Any CPU
		0bd27501-52b6-4f28-9698-0adf128aa991.Debug|Any CPU.ActiveCfg = Debug|Any CPU
		0bd27501-52b6-4f28-9698-0adf128aa991.Debug|Any CPU.Build.0 = Debug|Any CPU
		0bd27501-52b6-4f28-9698-0adf128aa991.Release|Any CPU.ActiveCfg = Release|Any CPU
		0bd27501-52b6-4f28-9698-0adf128aa991.Release|Any CPU.Build.0 = Release|Any CPU
		a5806795-a42b-43bd-9961-e83181007407.Debug|Any CPU.ActiveCfg = Debug|Any CPU
		a5806795-a42b-43bd-9961-e83181007407.Debug|Any CPU.Build.0 = Debug|Any CPU
		a5806795-a42b-43bd-9961-e83181007407.Release|Any CPU.ActiveCfg = Release|Any CPU
		a5806795-a42b-43bd-9961-e83181007407.Release|Any CPU.Build.0 = Release|Any CPU
	EndGlobalSection
	GlobalSection(SolutionProperties) = preSolution
		HideSolutionNode = FALSE
	EndGlobalSection
EndGlobal
